
Microsoft Visual Studio Solution File, Format Version 12.00
# Visual Studio Version 17
VisualStudioVersion = 17.5.33627.172
MinimumVisualStudioVersion = 10.0.40219.1
Project("{9A19103F-16F7-4668-BE54-9A1E7A4F7556}") = "CLI", "CLI\CLI.csproj", "{835F33AA-B349-457A-8C78-704E0F802E42}"
EndProject
Project("{9A19103F-16F7-4668-BE54-9A1E7A4F7556}") = "Core", "Core\Core.csproj", "{59D40BDA-1778-4665-83C2-D7F0718AEB7E}"
EndProject
Project("{FAE04EC0-301F-11D3-BF4B-00C04F79EFBC}") = "DataCollector", "DataCollector\DataCollector.csproj", "{3762ABA5-E152-4B76-BE77-C95B7280CDD4}"
EndProject
Global
	GlobalSection(SolutionConfigurationPlatforms) = preSolution
		Debug|Any CPU = Debug|Any CPU
		Release|Any CPU = Release|Any CPU
	EndGlobalSection
	GlobalSection(ProjectConfigurationPlatforms) = postSolution
		{835F33AA-B349-457A-8C78-704E0F802E42}.Debug|Any CPU.ActiveCfg = Debug|Any CPU
		{835F33AA-B349-457A-8C78-704E0F802E42}.Debug|Any CPU.Build.0 = Debug|Any CPU
		{835F33AA-B349-457A-8C78-704E0F802E42}.Release|Any CPU.ActiveCfg = Release|Any CPU
		{835F33AA-B349-457A-8C78-704E0F802E42}.Release|Any CPU.Build.0 = Release|Any CPU
		{59D40BDA-1778-4665-83C2-D7F0718AEB7E}.Debug|Any CPU.ActiveCfg = Debug|Any CPU
		{59D40BDA-1778-4665-83C2-D7F0718AEB7E}.Debug|Any CPU.Build.0 = Debug|Any CPU
		{59D40BDA-1778-4665-83C2-D7F0718AEB7E}.Release|Any CPU.ActiveCfg = Release|Any CPU
		{59D40BDA-1778-4665-83C2-D7F0718AEB7E}.Release|Any CPU.Build.0 = Release|Any CPU
		{3762ABA5-E152-4B76-BE77-C95B7280CDD4}.Debug|Any CPU.ActiveCfg = Debug|Any CPU
		{3762ABA5-E152-4B76-BE77-C95B7280CDD4}.Debug|Any CPU.Build.0 = Debug|Any CPU
		{3762ABA5-E152-4B76-BE77-C95B7280CDD4}.Release|Any CPU.ActiveCfg = Release|Any CPU
		{3762ABA5-E152-4B76-BE77-C95B7280CDD4}.Release|Any CPU.Build.0 = Release|Any CPU
	EndGlobalSection
	GlobalSection(SolutionProperties) = preSolution
		HideSolutionNode = FALSE
	EndGlobalSection
	GlobalSection(ExtensibilityGlobals) = postSolution
		SolutionGuid = {D377EE67-3E43-4BAD-B43D-FE4F392619E9}
	EndGlobalSection
EndGlobal
